{
  "dependencies": {
    "betfair": {
      "version": "0.4.2",
      "dependencies": {
        "async": {
          "version": "1.0.0"
        },
        "underscore": {
          "version": "1.8.3"
        },
        "node-uuid": {
          "version": "1.4.3"
        },
        "querystring": {
          "version": "0.2.0"
        },
        "cookie": {
          "version": "0.1.3"
        },
        "bunyan": {
          "version": "1.3.5",
          "dependencies": {
            "dtrace-provider": {
              "version": "0.4.0",
              "dependencies": {
                "nan": {
                  "version": "1.5.3"
                }
              }
            },
            "mv": {
              "version": "2.0.3",
              "dependencies": {
                "mkdirp": {
                  "version": "0.5.1",
                  "dependencies": {
                    "minimist": {
                      "version": "0.0.8"
                    }
                  }
                },
                "ncp": {
                  "version": "0.6.0"
                },
                "rimraf": {
                  "version": "2.2.8"
                }
              }
            },
            "safe-json-stringify": {
              "version": "1.0.3"
            }
          }
        }
      }
    },
    "fibers": {
      "version": "1.0.5"
    },
    "phantom": {
      "version": "0.7.2",
      "dependencies": {
        "dnode": {
          "version": "1.2.1",
          "dependencies": {
            "dnode-protocol": {
              "version": "0.2.2"
            },
            "jsonify": {
              "version": "0.0.0"
            },
            "weak": {
              "version": "0.4.1",
              "dependencies": {
                "bindings": {
                  "version": "1.2.1"
                },
                "nan": {
                  "version": "1.8.4"
                }
              }
            }
          }
        },
        "shoe": {
          "version": "0.0.15",
          "dependencies": {
            "sockjs": {
              "version": "0.3.7",
              "dependencies": {
                "node-uuid": {
                  "version": "1.3.3"
                },
                "faye-websocket": {
                  "version": "0.4.4"
                }
              }
            },
            "sockjs-client": {
              "version": "0.0.0-unreleasable"
            }
          }
        },
        "win-spawn": {
          "version": "2.0.0"
        },
        "traverse": {
          "version": "0.6.6"
        }
      }
    },
    "ws": {
      "version": "0.7.2",
      "dependencies": {
        "options": {
          "version": "0.0.6"
        },
        "ultron": {
          "version": "1.0.1"
        },
        "bufferutil": {
          "version": "1.1.0",
          "dependencies": {
            "bindings": {
              "version": "1.2.1"
            },
            "nan": {
              "version": "1.8.4"
            }
          }
        },
        "utf-8-validate": {
          "version": "1.1.0",
          "dependencies": {
            "bindings": {
              "version": "1.2.1"
            },
            "nan": {
              "version": "1.8.4"
            }
          }
        }
      }
    }
  }
}
